<?xml version="1.0" encoding="utf-8"?>
<Project ToolsVersion="4.0" xmlns="http://schemas.microsoft.com/developer/msbuild/2003">
  <ItemGroup>
    <Filter Include="Source Files">
      <UniqueIdentifier>{4FC737F1-C7A5-4376-A066-2A32D752A2FF}</UniqueIdentifier>
      <Extensions>cpp;c;cc;cxx;c++;cppm;ixx;def;odl;idl;hpj;bat;asm;asmx</Extensions>
    </Filter>
    <Filter Include="Header Files">
      <UniqueIdentifier>{93995380-89BD-4b04-88EB-625FBE52EBFB}</UniqueIdentifier>
      <Extensions>h;hh;hpp;hxx;h++;hm;inl;inc;ipp;xsd</Extensions>
    </Filter>
    <Filter Include="Resource Files">
      <UniqueIdentifier>{67DA6AB6-F800-4c08-8B7A-83BB121AAD01}</UniqueIdentifier>
      <Extensions>rc;ico;cur;bmp;dlg;rc2;rct;bin;rgs;gif;jpg;jpeg;jpe;resx;tiff;tif;png;wav;mfcribbon-ms</Extensions>
    </Filter>
  </ItemGroup>
  <ItemGroup>
    <ClCompile Include="CPPLearn.cpp">
      <Filter>Source Files</Filter>
    </ClCompile>
  </ItemGroup>
  <ItemGroup>
    <ClInclude Include="Input.h">
      <Filter>Header Files</Filter>
    </ClInclude>
    <ClInclude Include="Reference.h">
      <Filter>Header Files</Filter>
    </ClInclude>
    <ClInclude Include="Array.h">
      <Filter>Header Files</Filter>
    </ClInclude>
    <ClInclude Include="FunctionOverloading.h">
      <Filter>Header Files</Filter>
    </ClInclude>
    <ClInclude Include="InlineFn.h">
      <Filter>Header Files</Filter>
    </ClInclude>
    <ClInclude Include="OppsBasic.h">
      <Filter>Header Files</Filter>
    </ClInclude>
    <ClInclude Include="Static.h">
      <Filter>Header Files</Filter>
    </ClInclude>
    <ClInclude Include="FriendFn.h">
      <Filter>Header Files</Filter>
    </ClInclude>
    <ClInclude Include="UserDefiened.h">
      <Filter>Header Files</Filter>
    </ClInclude>
    <ClInclude Include="OperatingOverloading.h">
      <Filter>Header Files</Filter>
    </ClInclude>
    <ClInclude Include="CinCoutOverload.h">
      <Filter>Header Files</Filter>
    </ClInclude>
    <ClInclude Include="AssignmentOperatorOverlaod.h">
      <Filter>Header Files</Filter>
    </ClInclude>
    <ClInclude Include="TypeCastOverload.h">
      <Filter>Header Files</Filter>
    </ClInclude>
    <ClInclude Include="NewDeleteOperatorOverloading.h">
      <Filter>Header Files</Filter>
    </ClInclude>
    <ClInclude Include="SingleInheritence.h">
      <Filter>Header Files</Filter>
    </ClInclude>
    <ClInclude Include="MultipleInheritence.h">
      <Filter>Header Files</Filter>
    </ClInclude>
    <ClInclude Include="HierarchialInheritence.h">
      <Filter>Header Files</Filter>
    </ClInclude>
    <ClInclude Include="HybridInheritence.h">
      <Filter>Header Files</Filter>
    </ClInclude>
    <ClInclude Include="ISA__HASA_Relationship.h">
      <Filter>Header Files</Filter>
    </ClInclude>
    <ClInclude Include="FinalClassInheritence.h">
      <Filter>Header Files</Filter>
    </ClInclude>
    <ClInclude Include="PolymorphismVirtual.h">
      <Filter>Header Files</Filter>
    </ClInclude>
    <ClInclude Include="Template.h">
      <Filter>Header Files</Filter>
    </ClInclude>
    <ClInclude Include="Templateoverriding.h">
      <Filter>Header Files</Filter>
    </ClInclude>
    <ClInclude Include="TemplateSpecilization.h">
      <Filter>Header Files</Filter>
    </ClInclude>
    <ClInclude Include="Functors.h">
      <Filter>Header Files</Filter>
    </ClInclude>
    <ClInclude Include="LambdaFn.h">
      <Filter>Header Files</Filter>
    </ClInclude>
    <ClInclude Include="VirtualDestructor.h">
      <Filter>Header Files</Filter>
    </ClInclude>
    <ClInclude Include="VTableVPointer.h">
      <Filter>Header Files</Filter>
    </ClInclude>
    <ClInclude Include="LValueRValue.h">
      <Filter>Header Files</Filter>
    </ClInclude>
    <ClInclude Include="RuleofFive.h">
      <Filter>Header Files</Filter>
    </ClInclude>
    <ClInclude Include="StringImplementation.h">
      <Filter>Header Files</Filter>
    </ClInclude>
    <ClInclude Include="SmartPointers.h">
      <Filter>Header Files</Filter>
    </ClInclude>
    <ClInclude Include="UniquePointer.h">
      <Filter>Header Files</Filter>
    </ClInclude>
  </ItemGroup>
</Project>